
Microsoft Visual Studio Solution File, Format Version 12.00
# Visual Studio Version 17
VisualStudioVersion = 17.0.31912.275
MinimumVisualStudioVersion = 10.0.40219.1
Project("{FAE04EC0-301F-11D3-BF4B-00C04F79EFBC}") = "LittlePharma", "LittlePharma\LittlePharma.csproj", "{7393ADCF-A8D6-43BA-98A7-4C922C9C5EED}"
EndProject
Global
	GlobalSection(SolutionConfigurationPlatforms) = preSolution
		Debug|Any CPU = Debug|Any CPU
		Release|Any CPU = Release|Any CPU
	EndGlobalSection
	GlobalSection(ProjectConfigurationPlatforms) = postSolution
		{7393ADCF-A8D6-43BA-98A7-4C922C9C5EED}.Debug|Any CPU.ActiveCfg = Debug|Any CPU
		{7393ADCF-A8D6-43BA-98A7-4C922C9C5EED}.Debug|Any CPU.Build.0 = Debug|Any CPU
		{7393ADCF-A8D6-43BA-98A7-4C922C9C5EED}.Release|Any CPU.ActiveCfg = Release|Any CPU
		{7393ADCF-A8D6-43BA-98A7-4C922C9C5EED}.Release|Any CPU.Build.0 = Release|Any CPU
	EndGlobalSection
	GlobalSection(SolutionProperties) = preSolution
		HideSolutionNode = FALSE
	EndGlobalSection
	GlobalSection(ExtensibilityGlobals) = postSolution
		SolutionGuid = {0899775F-6F27-4694-866B-1C17C3725588}
	EndGlobalSection
EndGlobal
